
Microsoft Visual Studio Solution File, Format Version 12.00
# Visual Studio Version 17
VisualStudioVersion = 17.12.35323.107
MinimumVisualStudioVersion = 10.0.40219.1
Project("{FAE04EC0-301F-11D3-BF4B-00C04F79EFBC}") = "AdoUtilities", "AdoHelper\AdoUtilities.csproj", "{ECA16F9A-3A44-47CD-BE1F-DFE16C6C3196}"
EndProject
Project("{FAE04EC0-301F-11D3-BF4B-00C04F79EFBC}") = "Tests", "Tests\Tests.csproj", "{12B11E3C-1C36-42D0-935D-9D8EFDC8EC5A}"
EndProject
Global
	GlobalSection(SolutionConfigurationPlatforms) = preSolution
		Debug|Any CPU = Debug|Any CPU
		Release|Any CPU = Release|Any CPU
	EndGlobalSection
	GlobalSection(ProjectConfigurationPlatforms) = postSolution
		{ECA16F9A-3A44-47CD-BE1F-DFE16C6C3196}.Debug|Any CPU.ActiveCfg = Debug|Any CPU
		{ECA16F9A-3A44-47CD-BE1F-DFE16C6C3196}.Debug|Any CPU.Build.0 = Debug|Any CPU
		{ECA16F9A-3A44-47CD-BE1F-DFE16C6C3196}.Release|Any CPU.ActiveCfg = Release|Any CPU
		{ECA16F9A-3A44-47CD-BE1F-DFE16C6C3196}.Release|Any CPU.Build.0 = Release|Any CPU
		{12B11E3C-1C36-42D0-935D-9D8EFDC8EC5A}.Debug|Any CPU.ActiveCfg = Debug|Any CPU
		{12B11E3C-1C36-42D0-935D-9D8EFDC8EC5A}.Debug|Any CPU.Build.0 = Debug|Any CPU
		{12B11E3C-1C36-42D0-935D-9D8EFDC8EC5A}.Release|Any CPU.ActiveCfg = Release|Any CPU
		{12B11E3C-1C36-42D0-935D-9D8EFDC8EC5A}.Release|Any CPU.Build.0 = Release|Any CPU
	EndGlobalSection
	GlobalSection(SolutionProperties) = preSolution
		HideSolutionNode = FALSE
	EndGlobalSection
	GlobalSection(ExtensibilityGlobals) = postSolution
		SolutionGuid = {1773B0F2-3299-49AC-A145-4ED598C88CB8}
	EndGlobalSection
EndGlobal
